
Microsoft Visual Studio Solution File, Format Version 11.00
# Visual Studio 2010
Project("{FAE04EC0-301F-11D3-BF4B-00C04F79EFBC}") = "TestApp", "TestApp\TestApp.csproj", "{FFE0D861-8038-4742-9FEE-EA4E50737CBA}"
EndProject
Project("{FAE04EC0-301F-11D3-BF4B-00C04F79EFBC}") = "X10ExCom", "X10ExCom\X10ExCom.csproj", "{AFCFE8BD-93C8-4B1B-B005-71E6CE445448}"
EndProject
Project("{FAE04EC0-301F-11D3-BF4B-00C04F79EFBC}") = "X10ExCom.Tests", "X10ExCom.Tests\X10ExCom.Tests.csproj", "{35007DA2-82FE-4D32-A3BA-722E9DF27C12}"
EndProject
Project("{54435603-DBB4-11D2-8724-00A0C9A8B90C}") = "TestAppSetup", "TestAppSetup\TestAppSetup.vdproj", "{920E7FD9-A40C-4E5F-8815-3D1C43F14719}"
EndProject
Global
	GlobalSection(SolutionConfigurationPlatforms) = preSolution
		Debug|Any CPU = Debug|Any CPU
		Debug|Mixed Platforms = Debug|Mixed Platforms
		Debug|x86 = Debug|x86
		Release|Any CPU = Release|Any CPU
		Release|Mixed Platforms = Release|Mixed Platforms
		Release|x86 = Release|x86
	EndGlobalSection
	GlobalSection(ProjectConfigurationPlatforms) = postSolution
		{FFE0D861-8038-4742-9FEE-EA4E50737CBA}.Debug|Any CPU.ActiveCfg = Debug|x86
		{FFE0D861-8038-4742-9FEE-EA4E50737CBA}.Debug|Mixed Platforms.ActiveCfg = Debug|x86
		{FFE0D861-8038-4742-9FEE-EA4E50737CBA}.Debug|Mixed Platforms.Build.0 = Debug|x86
		{FFE0D861-8038-4742-9FEE-EA4E50737CBA}.Debug|x86.ActiveCfg = Debug|x86
		{FFE0D861-8038-4742-9FEE-EA4E50737CBA}.Debug|x86.Build.0 = Debug|x86
		{FFE0D861-8038-4742-9FEE-EA4E50737CBA}.Release|Any CPU.ActiveCfg = Release|x86
		{FFE0D861-8038-4742-9FEE-EA4E50737CBA}.Release|Mixed Platforms.ActiveCfg = Release|x86
		{FFE0D861-8038-4742-9FEE-EA4E50737CBA}.Release|Mixed Platforms.Build.0 = Release|x86
		{FFE0D861-8038-4742-9FEE-EA4E50737CBA}.Release|x86.ActiveCfg = Release|x86
		{FFE0D861-8038-4742-9FEE-EA4E50737CBA}.Release|x86.Build.0 = Release|x86
		{AFCFE8BD-93C8-4B1B-B005-71E6CE445448}.Debug|Any CPU.ActiveCfg = Debug|Any CPU
		{AFCFE8BD-93C8-4B1B-B005-71E6CE445448}.Debug|Any CPU.Build.0 = Debug|Any CPU
		{AFCFE8BD-93C8-4B1B-B005-71E6CE445448}.Debug|Mixed Platforms.ActiveCfg = Debug|Any CPU
		{AFCFE8BD-93C8-4B1B-B005-71E6CE445448}.Debug|Mixed Platforms.Build.0 = Debug|Any CPU
		{AFCFE8BD-93C8-4B1B-B005-71E6CE445448}.Debug|x86.ActiveCfg = Debug|Any CPU
		{AFCFE8BD-93C8-4B1B-B005-71E6CE445448}.Release|Any CPU.ActiveCfg = Release|Any CPU
		{AFCFE8BD-93C8-4B1B-B005-71E6CE445448}.Release|Any CPU.Build.0 = Release|Any CPU
		{AFCFE8BD-93C8-4B1B-B005-71E6CE445448}.Release|Mixed Platforms.ActiveCfg = Release|Any CPU
		{AFCFE8BD-93C8-4B1B-B005-71E6CE445448}.Release|Mixed Platforms.Build.0 = Release|Any CPU
		{AFCFE8BD-93C8-4B1B-B005-71E6CE445448}.Release|x86.ActiveCfg = Release|Any CPU
		{35007DA2-82FE-4D32-A3BA-722E9DF27C12}.Debug|Any CPU.ActiveCfg = Debug|Any CPU
		{35007DA2-82FE-4D32-A3BA-722E9DF27C12}.Debug|Any CPU.Build.0 = Debug|Any CPU
		{35007DA2-82FE-4D32-A3BA-722E9DF27C12}.Debug|Mixed Platforms.ActiveCfg = Debug|Any CPU
		{35007DA2-82FE-4D32-A3BA-722E9DF27C12}.Debug|Mixed Platforms.Build.0 = Debug|Any CPU
		{35007DA2-82FE-4D32-A3BA-722E9DF27C12}.Debug|x86.ActiveCfg = Debug|Any CPU
		{35007DA2-82FE-4D32-A3BA-722E9DF27C12}.Release|Any CPU.ActiveCfg = Release|Any CPU
		{35007DA2-82FE-4D32-A3BA-722E9DF27C12}.Release|Any CPU.Build.0 = Release|Any CPU
		{35007DA2-82FE-4D32-A3BA-722E9DF27C12}.Release|Mixed Platforms.ActiveCfg = Release|Any CPU
		{35007DA2-82FE-4D32-A3BA-722E9DF27C12}.Release|Mixed Platforms.Build.0 = Release|Any CPU
		{35007DA2-82FE-4D32-A3BA-722E9DF27C12}.Release|x86.ActiveCfg = Release|Any CPU
		{920E7FD9-A40C-4E5F-8815-3D1C43F14719}.Debug|Any CPU.ActiveCfg = Debug
		{920E7FD9-A40C-4E5F-8815-3D1C43F14719}.Debug|Mixed Platforms.ActiveCfg = Debug
		{920E7FD9-A40C-4E5F-8815-3D1C43F14719}.Debug|x86.ActiveCfg = Debug
		{920E7FD9-A40C-4E5F-8815-3D1C43F14719}.Release|Any CPU.ActiveCfg = Release
		{920E7FD9-A40C-4E5F-8815-3D1C43F14719}.Release|Mixed Platforms.ActiveCfg = Release
		{920E7FD9-A40C-4E5F-8815-3D1C43F14719}.Release|x86.ActiveCfg = Release
	EndGlobalSection
	GlobalSection(SolutionProperties) = preSolution
		HideSolutionNode = FALSE
	EndGlobalSection
EndGlobal
